# This file is autogenerated, do not edit; changes may be undone by the next 'dep ensure'.


[[projects]]
  digest = "1:d043e5ae59276188d876090c261c311e146792c0908e08e67e766b1020a72d00"
  name = "github.com/PuerkitoBio/goquery"
  packages = ["."]
  pruneopts = "NUT"
  revision = "dc2ec5c7ca4d9aae063b79b9f581dd3ea6afd2b2"
  version = "v1.4.1"

[[projects]]
  digest = "1:fc86904a62ac4bfff8cfbe94f42231ce3d8cea8fe2506d5293eaef468f8eaecf"
  name = "github.com/andybalholm/cascadia"
  packages = ["."]
  pruneopts = "NUT"
  revision = "901648c87902174f774fac311d7f176f8647bdaa"
  version = "v1.0.0"

[[projects]]
  branch = "master"
  digest = "1:ff33b1a9016f79e88285f9327277c4c4ef60b82da139960cf17a3fbb1f1453af"
  name = "github.com/genuinetools/pkg"
  packages = ["cli"]
  pruneopts = "NUT"
  revision = "764bcdebd5f70d4a3d0f557ee89f764ba6182d0b"

[[projects]]
  digest = "1:6989062eb7ccf25cf38bf4fe3dba097ee209f896cda42cefdca3927047bef7b6"
  name = "github.com/sirupsen/logrus"
  packages = ["."]
  pruneopts = "NUT"
  revision = "c155da19408a8799da419ed3eeb0cb5db0ad5dbc"
  version = "v1.0.5"

[[projects]]
  branch = "master"
  digest = "1:3f3a05ae0b95893d90b9b3b5afdb79a9b3d96e4e36e099d841ae602e4aca0da8"
  name = "golang.org/x/crypto"
  packages = ["ssh/terminal"]
  pruneopts = "NUT"
  revision = "a49355c7e3f8fe157a85be2f77e6e269a0f89602"

[[projects]]
  branch = "master"
  digest = "1:ee15023f3a869df3a9a871cd54da8651e211dc99ab6e19e87cca7ddac94a10e0"
  name = "golang.org/x/net"
  packages = [
    "html",
    "html/atom",
  ]
  pruneopts = "NUT"
  revision = "d0887baf81f4598189d4e12a37c6da86f0bba4d0"

[[projects]]
  branch = "master"
  digest = "1:64107e3c8f52f341891a565d117bf263ed396fe0c16bad19634b25be25debfaa"
  name = "golang.org/x/sys"
  packages = [
    "unix",
    "windows",
  ]
  pruneopts = "NUT"
  revision = "ac767d655b305d4e9612f5f6e33120b9176c4ad4"

[solve-meta]
  analyzer-name = "dep"
  analyzer-version = 1
  input-imports = [
    "github.com/PuerkitoBio/goquery",
    "github.com/genuinetools/pkg/cli",
    "github.com/sirupsen/logrus",
  ]
  solver-name = "gps-cdcl"
  solver-version = 1
